// !$*UTF8*$!
{
	archiveVersion = 1;
	classes = {
	};
	objectVersion = 56;
	objects = {

/* Begin PBXBuildFile section */
		D38BE9B72B9042ED00A7839E /* AppDelegate.swift in Sources */ = {isa = PBXBuildFile; fileRef = D38BE9B62B9042ED00A7839E /* AppDelegate.swift */; };
		D38BE9B92B9042ED00A7839E /* SceneDelegate.swift in Sources */ = {isa = PBXBuildFile; fileRef = D38BE9B82B9042ED00A7839E /* SceneDelegate.swift */; };
		D38BE9BB2B9042ED00A7839E /* ViewController.swift in Sources */ = {isa = PBXBuildFile; fileRef = D38BE9BA2B9042ED00A7839E /* ViewController.swift */; };
		D38BE9C02B9042EF00A7839E /* Assets.xcassets in Resources */ = {isa = PBXBuildFile; fileRef = D38BE9BF2B9042EF00A7839E /* Assets.xcassets */; };
		D38BE9C32B9042EF00A7839E /* LaunchScreen.storyboard in Resources */ = {isa = PBXBuildFile; fileRef = D38BE9C12B9042EF00A7839E /* LaunchScreen.storyboard */; };
		D38BE9CE2B90497100A7839E /* Alamofire in Frameworks */ = {isa = PBXBuildFile; productRef = D38BE9CD2B90497100A7839E /* Alamofire */; };
		D38BE9D12B90497F00A7839E /* AlamofireImage in Frameworks */ = {isa = PBXBuildFile; productRef = D38BE9D02B90497F00A7839E /* AlamofireImage */; };
		D38BE9D42B90499C00A7839E /* BaseTarget.swift in Sources */ = {isa = PBXBuildFile; fileRef = D38BE9D32B90499C00A7839E /* BaseTarget.swift */; };
		D38BE9D62B9049B400A7839E /* MoviesTarget.swift in Sources */ = {isa = PBXBuildFile; fileRef = D38BE9D52B9049B400A7839E /* MoviesTarget.swift */; };
		D38BE9D82B9049C900A7839E /* Constants.swift in Sources */ = {isa = PBXBuildFile; fileRef = D38BE9D72B9049C900A7839E /* Constants.swift */; };
		D38BE9DA2B9049ED00A7839E /* Enums.swift in Sources */ = {isa = PBXBuildFile; fileRef = D38BE9D92B9049ED00A7839E /* Enums.swift */; };
		D38BE9DD2B904A2100A7839E /* BaseService.swift in Sources */ = {isa = PBXBuildFile; fileRef = D38BE9DC2B904A2100A7839E /* BaseService.swift */; };
		D38BE9DF2B904A4A00A7839E /* MoviesService.swift in Sources */ = {isa = PBXBuildFile; fileRef = D38BE9DE2B904A4A00A7839E /* MoviesService.swift */; };
		D38BE9E22B904A7E00A7839E /* MoviesRequests.swift in Sources */ = {isa = PBXBuildFile; fileRef = D38BE9E12B904A7E00A7839E /* MoviesRequests.swift */; };
		D38BE9E42B904A9500A7839E /* MoviesDetailsRequests.swift in Sources */ = {isa = PBXBuildFile; fileRef = D38BE9E32B904A9500A7839E /* MoviesDetailsRequests.swift */; };
		D38BE9E62B904AB400A7839E /* VideoThumbnail.swift in Sources */ = {isa = PBXBuildFile; fileRef = D38BE9E52B904AB400A7839E /* VideoThumbnail.swift */; };
		D38BE9E82B904AEE00A7839E /* UIColor+Extensions.swift in Sources */ = {isa = PBXBuildFile; fileRef = D38BE9E72B904AEE00A7839E /* UIColor+Extensions.swift */; };
		D38BE9EC2B904B3000A7839E /* BaseCoordinator.swift in Sources */ = {isa = PBXBuildFile; fileRef = D38BE9EB2B904B3000A7839E /* BaseCoordinator.swift */; };
		D38BE9EF2B904B5300A7839E /* MoviesCoordinator.swift in Sources */ = {isa = PBXBuildFile; fileRef = D38BE9EE2B904B5300A7839E /* MoviesCoordinator.swift */; };
		D38BE9F32B904BA400A7839E /* BaseVC.swift in Sources */ = {isa = PBXBuildFile; fileRef = D38BE9F22B904BA400A7839E /* BaseVC.swift */; };
		D38BE9F52B904BCC00A7839E /* Observable.swift in Sources */ = {isa = PBXBuildFile; fileRef = D38BE9F42B904BCC00A7839E /* Observable.swift */; };
		D38BE9F72B904BFB00A7839E /* LoadingDialogVC.swift in Sources */ = {isa = PBXBuildFile; fileRef = D38BE9F62B904BFB00A7839E /* LoadingDialogVC.swift */; };
		D38BE9FB2B904E3900A7839E /* MoviesViewModel.swift in Sources */ = {isa = PBXBuildFile; fileRef = D38BE9FA2B904E3900A7839E /* MoviesViewModel.swift */; };
		D38BE9FF2B904E7300A7839E /* MovieDetailsViewModel.swift in Sources */ = {isa = PBXBuildFile; fileRef = D38BE9FE2B904E7300A7839E /* MovieDetailsViewModel.swift */; };
/* End PBXBuildFile section */

/* Begin PBXFileReference section */
		D38BE9B32B9042ED00A7839E /* AvengersMovies.app */ = {isa = PBXFileReference; explicitFileType = wrapper.application; includeInIndex = 0; path = AvengersMovies.app; sourceTree = BUILT_PRODUCTS_DIR; };
		D38BE9B62B9042ED00A7839E /* AppDelegate.swift */ = {isa = PBXFileReference; lastKnownFileType = sourcecode.swift; path = AppDelegate.swift; sourceTree = "<group>"; };
		D38BE9B82B9042ED00A7839E /* SceneDelegate.swift */ = {isa = PBXFileReference; lastKnownFileType = sourcecode.swift; path = SceneDelegate.swift; sourceTree = "<group>"; };
		D38BE9BA2B9042ED00A7839E /* ViewController.swift */ = {isa = PBXFileReference; lastKnownFileType = sourcecode.swift; path = ViewController.swift; sourceTree = "<group>"; };
		D38BE9BF2B9042EF00A7839E /* Assets.xcassets */ = {isa = PBXFileReference; lastKnownFileType = folder.assetcatalog; path = Assets.xcassets; sourceTree = "<group>"; };
		D38BE9C22B9042EF00A7839E /* Base */ = {isa = PBXFileReference; lastKnownFileType = file.storyboard; name = Base; path = Base.lproj/LaunchScreen.storyboard; sourceTree = "<group>"; };
		D38BE9C42B9042EF00A7839E /* Info.plist */ = {isa = PBXFileReference; lastKnownFileType = text.plist.xml; path = Info.plist; sourceTree = "<group>"; };
		D38BE9D32B90499C00A7839E /* BaseTarget.swift */ = {isa = PBXFileReference; lastKnownFileType = sourcecode.swift; path = BaseTarget.swift; sourceTree = "<group>"; };
		D38BE9D52B9049B400A7839E /* MoviesTarget.swift */ = {isa = PBXFileReference; lastKnownFileType = sourcecode.swift; path = MoviesTarget.swift; sourceTree = "<group>"; };
		D38BE9D72B9049C900A7839E /* Constants.swift */ = {isa = PBXFileReference; lastKnownFileType = sourcecode.swift; path = Constants.swift; sourceTree = "<group>"; };
		D38BE9D92B9049ED00A7839E /* Enums.swift */ = {isa = PBXFileReference; lastKnownFileType = sourcecode.swift; path = Enums.swift; sourceTree = "<group>"; };
		D38BE9DC2B904A2100A7839E /* BaseService.swift */ = {isa = PBXFileReference; lastKnownFileType = sourcecode.swift; path = BaseService.swift; sourceTree = "<group>"; };
		D38BE9DE2B904A4A00A7839E /* MoviesService.swift */ = {isa = PBXFileReference; lastKnownFileType = sourcecode.swift; path = MoviesService.swift; sourceTree = "<group>"; };
		D38BE9E12B904A7E00A7839E /* MoviesRequests.swift */ = {isa = PBXFileReference; lastKnownFileType = sourcecode.swift; path = MoviesRequests.swift; sourceTree = "<group>"; };
		D38BE9E32B904A9500A7839E /* MoviesDetailsRequests.swift */ = {isa = PBXFileReference; lastKnownFileType = sourcecode.swift; path = MoviesDetailsRequests.swift; sourceTree = "<group>"; };
		D38BE9E52B904AB400A7839E /* VideoThumbnail.swift */ = {isa = PBXFileReference; lastKnownFileType = sourcecode.swift; path = VideoThumbnail.swift; sourceTree = "<group>"; };
		D38BE9E72B904AEE00A7839E /* UIColor+Extensions.swift */ = {isa = PBXFileReference; lastKnownFileType = sourcecode.swift; path = "UIColor+Extensions.swift"; sourceTree = "<group>"; };
		D38BE9EB2B904B3000A7839E /* BaseCoordinator.swift */ = {isa = PBXFileReference; lastKnownFileType = sourcecode.swift; path = BaseCoordinator.swift; sourceTree = "<group>"; };
		D38BE9EE2B904B5300A7839E /* MoviesCoordinator.swift */ = {isa = PBXFileReference; lastKnownFileType = sourcecode.swift; path = MoviesCoordinator.swift; sourceTree = "<group>"; };
		D38BE9F22B904BA400A7839E /* BaseVC.swift */ = {isa = PBXFileReference; lastKnownFileType = sourcecode.swift; path = BaseVC.swift; sourceTree = "<group>"; };
		D38BE9F42B904BCC00A7839E /* Observable.swift */ = {isa = PBXFileReference; lastKnownFileType = sourcecode.swift; path = Observable.swift; sourceTree = "<group>"; };
		D38BE9F62B904BFB00A7839E /* LoadingDialogVC.swift */ = {isa = PBXFileReference; lastKnownFileType = sourcecode.swift; path = LoadingDialogVC.swift; sourceTree = "<group>"; };
		D38BE9FA2B904E3900A7839E /* MoviesViewModel.swift */ = {isa = PBXFileReference; lastKnownFileType = sourcecode.swift; path = MoviesViewModel.swift; sourceTree = "<group>"; };
		D38BE9FE2B904E7300A7839E /* MovieDetailsViewModel.swift */ = {isa = PBXFileReference; lastKnownFileType = sourcecode.swift; path = MovieDetailsViewModel.swift; sourceTree = "<group>"; };
/* End PBXFileReference section */

/* Begin PBXFrameworksBuildPhase section */
		D38BE9B02B9042ED00A7839E /* Frameworks */ = {
			isa = PBXFrameworksBuildPhase;
			buildActionMask = 2147483647;
			files = (
				D38BE9CE2B90497100A7839E /* Alamofire in Frameworks */,
				D38BE9D12B90497F00A7839E /* AlamofireImage in Frameworks */,
			);
			runOnlyForDeploymentPostprocessing = 0;
		};
/* End PBXFrameworksBuildPhase section */

/* Begin PBXGroup section */
		D38BE9AA2B9042ED00A7839E = {
			isa = PBXGroup;
			children = (
				D38BE9B52B9042ED00A7839E /* AvengersMovies */,
				D38BE9B42B9042ED00A7839E /* Products */,
			);
			sourceTree = "<group>";
		};
		D38BE9B42B9042ED00A7839E /* Products */ = {
			isa = PBXGroup;
			children = (
				D38BE9B32B9042ED00A7839E /* AvengersMovies.app */,
			);
			name = Products;
			sourceTree = "<group>";
		};
		D38BE9B52B9042ED00A7839E /* AvengersMovies */ = {
			isa = PBXGroup;
			children = (
				D38BE9CB2B90491300A7839E /* Networking */,
				D38BE9EA2B904B1B00A7839E /* Navigation */,
				D38BE9E02B904A6400A7839E /* Models */,
				D38BE9CA2B90490E00A7839E /* Utils */,
				D38BE9F02B904B6D00A7839E /* Modules */,
				D38BE9B62B9042ED00A7839E /* AppDelegate.swift */,
				D38BE9B82B9042ED00A7839E /* SceneDelegate.swift */,
				D38BE9BA2B9042ED00A7839E /* ViewController.swift */,
				D38BE9BF2B9042EF00A7839E /* Assets.xcassets */,
				D38BE9C12B9042EF00A7839E /* LaunchScreen.storyboard */,
				D38BE9C42B9042EF00A7839E /* Info.plist */,
			);
			path = AvengersMovies;
			sourceTree = "<group>";
		};
		D38BE9CA2B90490E00A7839E /* Utils */ = {
			isa = PBXGroup;
			children = (
				D38BE9E92B904AFB00A7839E /* Extensions */,
				D38BE9D72B9049C900A7839E /* Constants.swift */,
				D38BE9D92B9049ED00A7839E /* Enums.swift */,
			);
			path = Utils;
			sourceTree = "<group>";
		};
		D38BE9CB2B90491300A7839E /* Networking */ = {
			isa = PBXGroup;
			children = (
				D38BE9D22B90499000A7839E /* Targets */,
				D38BE9DB2B904A1000A7839E /* Services */,
			);
			path = Networking;
			sourceTree = "<group>";
		};
		D38BE9D22B90499000A7839E /* Targets */ = {
			isa = PBXGroup;
			children = (
				D38BE9D32B90499C00A7839E /* BaseTarget.swift */,
				D38BE9D52B9049B400A7839E /* MoviesTarget.swift */,
			);
			path = Targets;
			sourceTree = "<group>";
		};
		D38BE9DB2B904A1000A7839E /* Services */ = {
			isa = PBXGroup;
			children = (
				D38BE9DC2B904A2100A7839E /* BaseService.swift */,
				D38BE9DE2B904A4A00A7839E /* MoviesService.swift */,
			);
			path = Services;
			sourceTree = "<group>";
		};
		D38BE9E02B904A6400A7839E /* Models */ = {
			isa = PBXGroup;
			children = (
				D38BE9E12B904A7E00A7839E /* MoviesRequests.swift */,
				D38BE9E32B904A9500A7839E /* MoviesDetailsRequests.swift */,
				D38BE9E52B904AB400A7839E /* VideoThumbnail.swift */,
			);
			path = Models;
			sourceTree = "<group>";
		};
		D38BE9E92B904AFB00A7839E /* Extensions */ = {
			isa = PBXGroup;
			children = (
				D38BE9E72B904AEE00A7839E /* UIColor+Extensions.swift */,
			);
			path = Extensions;
			sourceTree = "<group>";
		};
		D38BE9EA2B904B1B00A7839E /* Navigation */ = {
			isa = PBXGroup;
			children = (
				D38BE9EB2B904B3000A7839E /* BaseCoordinator.swift */,
				D38BE9EE2B904B5300A7839E /* MoviesCoordinator.swift */,
			);
			path = Navigation;
			sourceTree = "<group>";
		};
		D38BE9F02B904B6D00A7839E /* Modules */ = {
			isa = PBXGroup;
			children = (
				D38BE9FC2B904E4E00A7839E /* MovieDetails */,
				D38BE9F82B904E0E00A7839E /* Movies */,
				D38BE9F12B904B9300A7839E /* Base */,
			);
			path = Modules;
			sourceTree = "<group>";
		};
		D38BE9F12B904B9300A7839E /* Base */ = {
			isa = PBXGroup;
			children = (
				D38BE9F22B904BA400A7839E /* BaseVC.swift */,
				D38BE9F42B904BCC00A7839E /* Observable.swift */,
				D38BE9F62B904BFB00A7839E /* LoadingDialogVC.swift */,
			);
			path = Base;
			sourceTree = "<group>";
		};
		D38BE9F82B904E0E00A7839E /* Movies */ = {
			isa = PBXGroup;
			children = (
				D38BE9F92B904E1400A7839E /* ViewModels */,
			);
			path = Movies;
			sourceTree = "<group>";
		};
		D38BE9F92B904E1400A7839E /* ViewModels */ = {
			isa = PBXGroup;
			children = (
				D38BE9FA2B904E3900A7839E /* MoviesViewModel.swift */,
			);
			path = ViewModels;
			sourceTree = "<group>";
		};
		D38BE9FC2B904E4E00A7839E /* MovieDetails */ = {
			isa = PBXGroup;
			children = (
				D38BE9FD2B904E5300A7839E /* ViewModels */,
			);
			path = MovieDetails;
			sourceTree = "<group>";
		};
		D38BE9FD2B904E5300A7839E /* ViewModels */ = {
			isa = PBXGroup;
			children = (
				D38BE9FE2B904E7300A7839E /* MovieDetailsViewModel.swift */,
			);
			path = ViewModels;
			sourceTree = "<group>";
		};
/* End PBXGroup section */

/* Begin PBXNativeTarget section */
		D38BE9B22B9042ED00A7839E /* AvengersMovies */ = {
			isa = PBXNativeTarget;
			buildConfigurationList = D38BE9C72B9042EF00A7839E /* Build configuration list for PBXNativeTarget "AvengersMovies" */;
			buildPhases = (
				D38BE9AF2B9042ED00A7839E /* Sources */,
				D38BE9B02B9042ED00A7839E /* Frameworks */,
				D38BE9B12B9042ED00A7839E /* Resources */,
			);
			buildRules = (
			);
			dependencies = (
			);
			name = AvengersMovies;
			packageProductDependencies = (
				D38BE9CD2B90497100A7839E /* Alamofire */,
				D38BE9D02B90497F00A7839E /* AlamofireImage */,
			);
			productName = AvengersMovies;
			productReference = D38BE9B32B9042ED00A7839E /* AvengersMovies.app */;
			productType = "com.apple.product-type.application";
		};
/* End PBXNativeTarget section */

/* Begin PBXProject section */
		D38BE9AB2B9042ED00A7839E /* Project object */ = {
			isa = PBXProject;
			attributes = {
				BuildIndependentTargetsInParallel = 1;
				LastSwiftUpdateCheck = 1430;
				LastUpgradeCheck = 1430;
				TargetAttributes = {
					D38BE9B22B9042ED00A7839E = {
						CreatedOnToolsVersion = 14.3.1;
					};
				};
			};
			buildConfigurationList = D38BE9AE2B9042ED00A7839E /* Build configuration list for PBXProject "AvengersMovies" */;
			compatibilityVersion = "Xcode 14.0";
			developmentRegion = en;
			hasScannedForEncodings = 0;
			knownRegions = (
				en,
				Base,
			);
			mainGroup = D38BE9AA2B9042ED00A7839E;
			packageReferences = (
				D38BE9CC2B90497000A7839E /* XCRemoteSwiftPackageReference "Alamofire" */,
				D38BE9CF2B90497F00A7839E /* XCRemoteSwiftPackageReference "AlamofireImage" */,
			);
			productRefGroup = D38BE9B42B9042ED00A7839E /* Products */;
			projectDirPath = "";
			projectRoot = "";
			targets = (
				D38BE9B22B9042ED00A7839E /* AvengersMovies */,
			);
		};
/* End PBXProject section */

/* Begin PBXResourcesBuildPhase section */
		D38BE9B12B9042ED00A7839E /* Resources */ = {
			isa = PBXResourcesBuildPhase;
			buildActionMask = 2147483647;
			files = (
				D38BE9C32B9042EF00A7839E /* LaunchScreen.storyboard in Resources */,
				D38BE9C02B9042EF00A7839E /* Assets.xcassets in Resources */,
			);
			runOnlyForDeploymentPostprocessing = 0;
		};
/* End PBXResourcesBuildPhase section */

/* Begin PBXSourcesBuildPhase section */
		D38BE9AF2B9042ED00A7839E /* Sources */ = {
			isa = PBXSourcesBuildPhase;
			buildActionMask = 2147483647;
			files = (
				D38BE9FF2B904E7300A7839E /* MovieDetailsViewModel.swift in Sources */,
				D38BE9DD2B904A2100A7839E /* BaseService.swift in Sources */,
				D38BE9BB2B9042ED00A7839E /* ViewController.swift in Sources */,
				D38BE9D62B9049B400A7839E /* MoviesTarget.swift in Sources */,
				D38BE9F72B904BFB00A7839E /* LoadingDialogVC.swift in Sources */,
				D38BE9EF2B904B5300A7839E /* MoviesCoordinator.swift in Sources */,
				D38BE9E82B904AEE00A7839E /* UIColor+Extensions.swift in Sources */,
				D38BE9D42B90499C00A7839E /* BaseTarget.swift in Sources */,
				D38BE9E42B904A9500A7839E /* MoviesDetailsRequests.swift in Sources */,
				D38BE9B72B9042ED00A7839E /* AppDelegate.swift in Sources */,
				D38BE9DF2B904A4A00A7839E /* MoviesService.swift in Sources */,
				D38BE9E22B904A7E00A7839E /* MoviesRequests.swift in Sources */,
				D38BE9DA2B9049ED00A7839E /* Enums.swift in Sources */,
				D38BE9F32B904BA400A7839E /* BaseVC.swift in Sources */,
				D38BE9F52B904BCC00A7839E /* Observable.swift in Sources */,
				D38BE9FB2B904E3900A7839E /* MoviesViewModel.swift in Sources */,
				D38BE9B92B9042ED00A7839E /* SceneDelegate.swift in Sources */,
				D38BE9EC2B904B3000A7839E /* BaseCoordinator.swift in Sources */,
				D38BE9E62B904AB400A7839E /* VideoThumbnail.swift in Sources */,
				D38BE9D82B9049C900A7839E /* Constants.swift in Sources */,
			);
			runOnlyForDeploymentPostprocessing = 0;
		};
/* End PBXSourcesBuildPhase section */

/* Begin PBXVariantGroup section */
		D38BE9C12B9042EF00A7839E /* LaunchScreen.storyboard */ = {
			isa = PBXVariantGroup;
			children = (
				D38BE9C22B9042EF00A7839E /* Base */,
			);
			name = LaunchScreen.storyboard;
			sourceTree = "<group>";
		};
/* End PBXVariantGroup section */

/* Begin XCBuildConfiguration section */
		D38BE9C52B9042EF00A7839E /* Debug */ = {
			isa = XCBuildConfiguration;
			buildSettings = {
				ALWAYS_SEARCH_USER_PATHS = NO;
				CLANG_ANALYZER_NONNULL = YES;
				CLANG_ANALYZER_NUMBER_OBJECT_CONVERSION = YES_AGGRESSIVE;
				CLANG_CXX_LANGUAGE_STANDARD = "gnu++20";
				CLANG_ENABLE_MODULES = YES;
				CLANG_ENABLE_OBJC_ARC = YES;
				CLANG_ENABLE_OBJC_WEAK = YES;
				CLANG_WARN_BLOCK_CAPTURE_AUTORELEASING = YES;
				CLANG_WARN_BOOL_CONVERSION = YES;
				CLANG_WARN_COMMA = YES;
				CLANG_WARN_CONSTANT_CONVERSION = YES;
				CLANG_WARN_DEPRECATED_OBJC_IMPLEMENTATIONS = YES;
				CLANG_WARN_DIRECT_OBJC_ISA_USAGE = YES_ERROR;
				CLANG_WARN_DOCUMENTATION_COMMENTS = YES;
				CLANG_WARN_EMPTY_BODY = YES;
				CLANG_WARN_ENUM_CONVERSION = YES;
				CLANG_WARN_INFINITE_RECURSION = YES;
				CLANG_WARN_INT_CONVERSION = YES;
				CLANG_WARN_NON_LITERAL_NULL_CONVERSION = YES;
				CLANG_WARN_OBJC_IMPLICIT_RETAIN_SELF = YES;
				CLANG_WARN_OBJC_LITERAL_CONVERSION = YES;
				CLANG_WARN_OBJC_ROOT_CLASS = YES_ERROR;
				CLANG_WARN_QUOTED_INCLUDE_IN_FRAMEWORK_HEADER = YES;
				CLANG_WARN_RANGE_LOOP_ANALYSIS = YES;
				CLANG_WARN_STRICT_PROTOTYPES = YES;
				CLANG_WARN_SUSPICIOUS_MOVE = YES;
				CLANG_WARN_UNGUARDED_AVAILABILITY = YES_AGGRESSIVE;
				CLANG_WARN_UNREACHABLE_CODE = YES;
				CLANG_WARN__DUPLICATE_METHOD_MATCH = YES;
				COPY_PHASE_STRIP = NO;
				DEBUG_INFORMATION_FORMAT = dwarf;
				ENABLE_STRICT_OBJC_MSGSEND = YES;
				ENABLE_TESTABILITY = YES;
				GCC_C_LANGUAGE_STANDARD = gnu11;
				GCC_DYNAMIC_NO_PIC = NO;
				GCC_NO_COMMON_BLOCKS = YES;
				GCC_OPTIMIZATION_LEVEL = 0;
				GCC_PREPROCESSOR_DEFINITIONS = (
					"DEBUG=1",
					"$(inherited)",
				);
				GCC_WARN_64_TO_32_BIT_CONVERSION = YES;
				GCC_WARN_ABOUT_RETURN_TYPE = YES_ERROR;
				GCC_WARN_UNDECLARED_SELECTOR = YES;
				GCC_WARN_UNINITIALIZED_AUTOS = YES_AGGRESSIVE;
				GCC_WARN_UNUSED_FUNCTION = YES;
				GCC_WARN_UNUSED_VARIABLE = YES;
				IPHONEOS_DEPLOYMENT_TARGET = 16.4;
				MTL_ENABLE_DEBUG_INFO = INCLUDE_SOURCE;
				MTL_FAST_MATH = YES;
				ONLY_ACTIVE_ARCH = YES;
				SDKROOT = iphoneos;
				SWIFT_ACTIVE_COMPILATION_CONDITIONS = DEBUG;
				SWIFT_OPTIMIZATION_LEVEL = "-Onone";
			};
			name = Debug;
		};
		D38BE9C62B9042EF00A7839E /* Release */ = {
			isa = XCBuildConfiguration;
			buildSettings = {
				ALWAYS_SEARCH_USER_PATHS = NO;
				CLANG_ANALYZER_NONNULL = YES;
				CLANG_ANALYZER_NUMBER_OBJECT_CONVERSION = YES_AGGRESSIVE;
				CLANG_CXX_LANGUAGE_STANDARD = "gnu++20";
				CLANG_ENABLE_MODULES = YES;
				CLANG_ENABLE_OBJC_ARC = YES;
				CLANG_ENABLE_OBJC_WEAK = YES;
				CLANG_WARN_BLOCK_CAPTURE_AUTORELEASING = YES;
				CLANG_WARN_BOOL_CONVERSION = YES;
				CLANG_WARN_COMMA = YES;
				CLANG_WARN_CONSTANT_CONVERSION = YES;
				CLANG_WARN_DEPRECATED_OBJC_IMPLEMENTATIONS = YES;
				CLANG_WARN_DIRECT_OBJC_ISA_USAGE = YES_ERROR;
				CLANG_WARN_DOCUMENTATION_COMMENTS = YES;
				CLANG_WARN_EMPTY_BODY = YES;
				CLANG_WARN_ENUM_CONVERSION = YES;
				CLANG_WARN_INFINITE_RECURSION = YES;
				CLANG_WARN_INT_CONVERSION = YES;
				CLANG_WARN_NON_LITERAL_NULL_CONVERSION = YES;
				CLANG_WARN_OBJC_IMPLICIT_RETAIN_SELF = YES;
				CLANG_WARN_OBJC_LITERAL_CONVERSION = YES;
				CLANG_WARN_OBJC_ROOT_CLASS = YES_ERROR;
				CLANG_WARN_QUOTED_INCLUDE_IN_FRAMEWORK_HEADER = YES;
				CLANG_WARN_RANGE_LOOP_ANALYSIS = YES;
				CLANG_WARN_STRICT_PROTOTYPES = YES;
				CLANG_WARN_SUSPICIOUS_MOVE = YES;
				CLANG_WARN_UNGUARDED_AVAILABILITY = YES_AGGRESSIVE;
				CLANG_WARN_UNREACHABLE_CODE = YES;
				CLANG_WARN__DUPLICATE_METHOD_MATCH = YES;
				COPY_PHASE_STRIP = NO;
				DEBUG_INFORMATION_FORMAT = "dwarf-with-dsym";
				ENABLE_NS_ASSERTIONS = NO;
				ENABLE_STRICT_OBJC_MSGSEND = YES;
				GCC_C_LANGUAGE_STANDARD = gnu11;
				GCC_NO_COMMON_BLOCKS = YES;
				GCC_WARN_64_TO_32_BIT_CONVERSION = YES;
				GCC_WARN_ABOUT_RETURN_TYPE = YES_ERROR;
				GCC_WARN_UNDECLARED_SELECTOR = YES;
				GCC_WARN_UNINITIALIZED_AUTOS = YES_AGGRESSIVE;
				GCC_WARN_UNUSED_FUNCTION = YES;
				GCC_WARN_UNUSED_VARIABLE = YES;
				IPHONEOS_DEPLOYMENT_TARGET = 16.4;
				MTL_ENABLE_DEBUG_INFO = NO;
				MTL_FAST_MATH = YES;
				SDKROOT = iphoneos;
				SWIFT_COMPILATION_MODE = wholemodule;
				SWIFT_OPTIMIZATION_LEVEL = "-O";
				VALIDATE_PRODUCT = YES;
			};
			name = Release;
		};
		D38BE9C82B9042EF00A7839E /* Debug */ = {
			isa = XCBuildConfiguration;
			buildSettings = {
				ASSETCATALOG_COMPILER_APPICON_NAME = AppIcon;
				ASSETCATALOG_COMPILER_GLOBAL_ACCENT_COLOR_NAME = AccentColor;
				CODE_SIGN_STYLE = Automatic;
				CURRENT_PROJECT_VERSION = 1;
				DEVELOPMENT_TEAM = 8F338LN7K7;
				GENERATE_INFOPLIST_FILE = YES;
				INFOPLIST_FILE = AvengersMovies/Info.plist;
				INFOPLIST_KEY_UIApplicationSupportsIndirectInputEvents = YES;
				INFOPLIST_KEY_UILaunchStoryboardName = LaunchScreen;
				INFOPLIST_KEY_UIMainStoryboardFile = "";
				INFOPLIST_KEY_UISupportedInterfaceOrientations_iPad = "UIInterfaceOrientationPortrait UIInterfaceOrientationPortraitUpsideDown UIInterfaceOrientationLandscapeLeft UIInterfaceOrientationLandscapeRight";
				INFOPLIST_KEY_UISupportedInterfaceOrientations_iPhone = "UIInterfaceOrientationPortrait UIInterfaceOrientationLandscapeLeft UIInterfaceOrientationLandscapeRight";
				LD_RUNPATH_SEARCH_PATHS = (
					"$(inherited)",
					"@executable_path/Frameworks",
				);
				MARKETING_VERSION = 1.0;
				PRODUCT_BUNDLE_IDENTIFIER = com.geovannichavez.AvengersMovies;
				PRODUCT_NAME = "$(TARGET_NAME)";
				SUPPORTED_PLATFORMS = "iphoneos iphonesimulator";
				SUPPORTS_MACCATALYST = NO;
				SUPPORTS_MAC_DESIGNED_FOR_IPHONE_IPAD = NO;
				SWIFT_EMIT_LOC_STRINGS = YES;
				SWIFT_VERSION = 5.0;
				TARGETED_DEVICE_FAMILY = 1;
			};
			name = Debug;
		};
		D38BE9C92B9042EF00A7839E /* Release */ = {
			isa = XCBuildConfiguration;
			buildSettings = {
				ASSETCATALOG_COMPILER_APPICON_NAME = AppIcon;
				ASSETCATALOG_COMPILER_GLOBAL_ACCENT_COLOR_NAME = AccentColor;
				CODE_SIGN_STYLE = Automatic;
				CURRENT_PROJECT_VERSION = 1;
				DEVELOPMENT_TEAM = 8F338LN7K7;
				GENERATE_INFOPLIST_FILE = YES;
				INFOPLIST_FILE = AvengersMovies/Info.plist;
				INFOPLIST_KEY_UIApplicationSupportsIndirectInputEvents = YES;
				INFOPLIST_KEY_UILaunchStoryboardName = LaunchScreen;
				INFOPLIST_KEY_UIMainStoryboardFile = "";
				INFOPLIST_KEY_UISupportedInterfaceOrientations_iPad = "UIInterfaceOrientationPortrait UIInterfaceOrientationPortraitUpsideDown UIInterfaceOrientationLandscapeLeft UIInterfaceOrientationLandscapeRight";
				INFOPLIST_KEY_UISupportedInterfaceOrientations_iPhone = "UIInterfaceOrientationPortrait UIInterfaceOrientationLandscapeLeft UIInterfaceOrientationLandscapeRight";
				LD_RUNPATH_SEARCH_PATHS = (
					"$(inherited)",
					"@executable_path/Frameworks",
				);
				MARKETING_VERSION = 1.0;
				PRODUCT_BUNDLE_IDENTIFIER = com.geovannichavez.AvengersMovies;
				PRODUCT_NAME = "$(TARGET_NAME)";
				SUPPORTED_PLATFORMS = "iphoneos iphonesimulator";
				SUPPORTS_MACCATALYST = NO;
				SUPPORTS_MAC_DESIGNED_FOR_IPHONE_IPAD = NO;
				SWIFT_EMIT_LOC_STRINGS = YES;
				SWIFT_VERSION = 5.0;
				TARGETED_DEVICE_FAMILY = 1;
			};
			name = Release;
		};
/* End XCBuildConfiguration section */

/* Begin XCConfigurationList section */
		D38BE9AE2B9042ED00A7839E /* Build configuration list for PBXProject "AvengersMovies" */ = {
			isa = XCConfigurationList;
			buildConfigurations = (
				D38BE9C52B9042EF00A7839E /* Debug */,
				D38BE9C62B9042EF00A7839E /* Release */,
			);
			defaultConfigurationIsVisible = 0;
			defaultConfigurationName = Release;
		};
		D38BE9C72B9042EF00A7839E /* Build configuration list for PBXNativeTarget "AvengersMovies" */ = {
			isa = XCConfigurationList;
			buildConfigurations = (
				D38BE9C82B9042EF00A7839E /* Debug */,
				D38BE9C92B9042EF00A7839E /* Release */,
			);
			defaultConfigurationIsVisible = 0;
			defaultConfigurationName = Release;
		};
/* End XCConfigurationList section */

/* Begin XCRemoteSwiftPackageReference section */
		D38BE9CC2B90497000A7839E /* XCRemoteSwiftPackageReference "Alamofire" */ = {
			isa = XCRemoteSwiftPackageReference;
			repositoryURL = "https://github.com/Alamofire/Alamofire.git";
			requirement = {
				kind = upToNextMajorVersion;
				minimumVersion = 5.0.0;
			};
		};
		D38BE9CF2B90497F00A7839E /* XCRemoteSwiftPackageReference "AlamofireImage" */ = {
			isa = XCRemoteSwiftPackageReference;
			repositoryURL = "https://github.com/Alamofire/AlamofireImage.git";
			requirement = {
				kind = upToNextMajorVersion;
				minimumVersion = 4.0.0;
			};
		};
/* End XCRemoteSwiftPackageReference section */

/* Begin XCSwiftPackageProductDependency section */
		D38BE9CD2B90497100A7839E /* Alamofire */ = {
			isa = XCSwiftPackageProductDependency;
			package = D38BE9CC2B90497000A7839E /* XCRemoteSwiftPackageReference "Alamofire" */;
			productName = Alamofire;
		};
		D38BE9D02B90497F00A7839E /* AlamofireImage */ = {
			isa = XCSwiftPackageProductDependency;
			package = D38BE9CF2B90497F00A7839E /* XCRemoteSwiftPackageReference "AlamofireImage" */;
			productName = AlamofireImage;
		};
/* End XCSwiftPackageProductDependency section */
	};
	rootObject = D38BE9AB2B9042ED00A7839E /* Project object */;
}
